<?xml version="1.0" encoding="utf-8"?>
<Project ToolsVersion="4.0" xmlns="http://schemas.microsoft.com/developer/msbuild/2003">
  <ItemGroup>
    <Filter Include="imgui">
      <UniqueIdentifier>{20b90ce4-7fcb-4731-b9a0-075f875de82d}</UniqueIdentifier>
    </Filter>
    <Filter Include="sources">
      <UniqueIdentifier>{f18ab499-84e1-499f-8eff-9754361e0e52}</UniqueIdentifier>
      <Extensions>cpp;c;cc;cxx;def;odl;idl;hpj;bat;asm;asmx</Extensions>
    </Filter>
    <Filter Include="implot">
      <UniqueIdentifier>{12345678-1234-1234-1234-1234567890ab}</UniqueIdentifier>
    </Filter>
    <Filter Include="ImGuiFileDialog">
      <UniqueIdentifier>{abcdef01-abcd-abcd-abcd-abcdef012345}</UniqueIdentifier>
    </Filter>
  </ItemGroup>
  <ItemGroup>
    <ClCompile Include="src\main.cpp">
      <Filter>sources</Filter>
    </ClCompile>
    <ClCompile Include="src\cad_model.cpp">
      <Filter>sources</Filter>
    </ClCompile>
    <ClCompile Include="external\imgui\imgui.cpp">
      <Filter>imgui</Filter>
    </ClCompile>
    <ClCompile Include="external\imgui\imgui_demo.cpp">
      <Filter>imgui</Filter>
    </ClCompile>
    <ClCompile Include="external\imgui\imgui_draw.cpp">
      <Filter>imgui</Filter>
    </ClCompile>
    <ClCompile Include="external\imgui\imgui_tables.cpp">
      <Filter>imgui</Filter>
    </ClCompile>
    <ClCompile Include="external\imgui\imgui_widgets.cpp">
      <Filter>imgui</Filter>
    </ClCompile>
    <ClCompile Include="external\imgui\backends\imgui_impl_glfw.cpp">
      <Filter>sources</Filter>
    </ClCompile>
    <ClCompile Include="external\imgui\backends\imgui_impl_opengl2.cpp">
      <Filter>sources</Filter>
    </ClCompile>
    <ClCompile Include="external\ImGuiFileDialog\ImGuiFileDialog.cpp">
      <Filter>ImGuiFileDialog</Filter>
    </ClCompile>
    <ClCompile Include="external\implot\implot.cpp">
      <Filter>implot</Filter>
    </ClCompile>
    <ClCompile Include="external\implot\implot_demo.cpp">
      <Filter>implot</Filter>
    </ClCompile>
    <ClCompile Include="external\implot\implot_items.cpp">
      <Filter>implot</Filter>
    </ClCompile>
  </ItemGroup>
  <ItemGroup>
    <ClInclude Include="src\cad_model.h">
      <Filter>sources</Filter>
    </ClInclude>
    <ClInclude Include="external\imgui\imconfig.h">
      <Filter>imgui</Filter>
    </ClInclude>
    <ClInclude Include="external\imgui\imgui.h">
      <Filter>imgui</Filter>
    </ClInclude>
    <ClInclude Include="external\imgui\imgui_internal.h">
      <Filter>imgui</Filter>
    </ClInclude>
    <ClInclude Include="external\imgui\backends\imgui_impl_glfw.h">
      <Filter>sources</Filter>
    </ClInclude>
    <ClInclude Include="external\imgui\backends\imgui_impl_opengl2.h">
      <Filter>sources</Filter>
    </ClInclude>
    <ClInclude Include="external\ImGuiFileDialog\ImGuiFileDialog.h">
      <Filter>ImGuiFileDialog</Filter>
    </ClInclude>
    <ClInclude Include="external\implot\implot.h">
      <Filter>implot</Filter>
    </ClInclude>
    <ClInclude Include="external\implot\implot_internal.h">
      <Filter>implot</Filter>
    </ClInclude>
  </ItemGroup>
  <ItemGroup>
    <None Include="README.md" />
    <None Include="external\imgui\misc\debuggers\imgui.natvis">
      <Filter>imgui</Filter>
    </None>
  </ItemGroup>
</Project>